
Microsoft Visual Studio Solution File, Format Version 12.00
# Visual Studio Version 17
VisualStudioVersion = 17.11.35327.3
MinimumVisualStudioVersion = 10.0.40219.1
Project("{FAE04EC0-301F-11D3-BF4B-00C04F79EFBC}") = "Task Management Application", "Task Management Application\Task Management Application.csproj", "{115F4733-0669-4FE0-9847-95E26A72F66D}"
EndProject
Global
	GlobalSection(SolutionConfigurationPlatforms) = preSolution
		Debug|Any CPU = Debug|Any CPU
		Release|Any CPU = Release|Any CPU
	EndGlobalSection
	GlobalSection(ProjectConfigurationPlatforms) = postSolution
		{115F4733-0669-4FE0-9847-95E26A72F66D}.Debug|Any CPU.ActiveCfg = Debug|Any CPU
		{115F4733-0669-4FE0-9847-95E26A72F66D}.Debug|Any CPU.Build.0 = Debug|Any CPU
		{115F4733-0669-4FE0-9847-95E26A72F66D}.Release|Any CPU.ActiveCfg = Release|Any CPU
		{115F4733-0669-4FE0-9847-95E26A72F66D}.Release|Any CPU.Build.0 = Release|Any CPU
	EndGlobalSection
	GlobalSection(SolutionProperties) = preSolution
		HideSolutionNode = FALSE
	EndGlobalSection
	GlobalSection(ExtensibilityGlobals) = postSolution
		SolutionGuid = {25698019-1F46-4FD9-9C74-8AF77EBAF295}
	EndGlobalSection
EndGlobal
